
Microsoft Visual Studio Solution File, Format Version 12.00
# Visual Studio Version 17
VisualStudioVersion = 17.5.2.0
MinimumVisualStudioVersion = 10.0.40219.1
Project("{FAE04EC0-301F-11D3-BF4B-00C04F79EFBC}") = "Ordner_Löscher", "Ordner_Löscher.csproj", "{DE286620-83D6-C86C-913A-0EC7E0085FBD}"
EndProject
Global
	GlobalSection(SolutionConfigurationPlatforms) = preSolution
		Debug|Any CPU = Debug|Any CPU
		Release|Any CPU = Release|Any CPU
	EndGlobalSection
	GlobalSection(ProjectConfigurationPlatforms) = postSolution
		{DE286620-83D6-C86C-913A-0EC7E0085FBD}.Debug|Any CPU.ActiveCfg = Debug|Any CPU
		{DE286620-83D6-C86C-913A-0EC7E0085FBD}.Debug|Any CPU.Build.0 = Debug|Any CPU
		{DE286620-83D6-C86C-913A-0EC7E0085FBD}.Release|Any CPU.ActiveCfg = Release|Any CPU
		{DE286620-83D6-C86C-913A-0EC7E0085FBD}.Release|Any CPU.Build.0 = Release|Any CPU
	EndGlobalSection
	GlobalSection(SolutionProperties) = preSolution
		HideSolutionNode = FALSE
	EndGlobalSection
	GlobalSection(ExtensibilityGlobals) = postSolution
		SolutionGuid = {F7ACCAE6-0941-4610-8651-DB8E143FCD2C}
	EndGlobalSection
EndGlobal
